{
  "name": "jsonresume-theme-caffeine",
  "version": "1.2.3",
  "dependencies": {
    "address-format": {
      "version": "0.0.3",
      "from": "https://registry.npmjs.org/address-format/-/address-format-0.0.3.tgz",
      "resolved": "https://registry.npmjs.org/address-format/-/address-format-0.0.3.tgz"
    },
    "handlebars": {
      "version": "4.0.6",
      "from": "https://registry.npmjs.org/handlebars/-/handlebars-4.0.6.tgz",
      "resolved": "https://registry.npmjs.org/handlebars/-/handlebars-4.0.6.tgz",
      "dependencies": {
        "async": {
          "version": "1.5.2",
          "from": "https://registry.npmjs.org/async/-/async-1.5.2.tgz",
          "resolved": "https://registry.npmjs.org/async/-/async-1.5.2.tgz"
        },
        "optimist": {
          "version": "0.6.1",
          "from": "https://registry.npmjs.org/optimist/-/optimist-0.6.1.tgz",
          "resolved": "https://registry.npmjs.org/optimist/-/optimist-0.6.1.tgz",
          "dependencies": {
            "wordwrap": {
              "version": "0.0.3",
              "from": "https://registry.npmjs.org/wordwrap/-/wordwrap-0.0.3.tgz",
              "resolved": "https://registry.npmjs.org/wordwrap/-/wordwrap-0.0.3.tgz"
            },
            "minimist": {
              "version": "0.0.10",
              "from": "https://registry.npmjs.org/minimist/-/minimist-0.0.10.tgz",
              "resolved": "https://registry.npmjs.org/minimist/-/minimist-0.0.10.tgz"
            }
          }
        },
        "source-map": {
          "version": "0.4.4",
          "from": "https://registry.npmjs.org/source-map/-/source-map-0.4.4.tgz",
          "resolved": "https://registry.npmjs.org/source-map/-/source-map-0.4.4.tgz",
          "dependencies": {
            "amdefine": {
              "version": "1.0.1",
              "from": "https://registry.npmjs.org/amdefine/-/amdefine-1.0.1.tgz",
              "resolved": "https://registry.npmjs.org/amdefine/-/amdefine-1.0.1.tgz"
            }
          }
        },
        "uglify-js": {
          "version": "2.7.5",
          "from": "https://registry.npmjs.org/uglify-js/-/uglify-js-2.7.5.tgz",
          "resolved": "https://registry.npmjs.org/uglify-js/-/uglify-js-2.7.5.tgz",
          "dependencies": {
            "async": {
              "version": "0.2.10",
              "from": "https://registry.npmjs.org/async/-/async-0.2.10.tgz",
              "resolved": "https://registry.npmjs.org/async/-/async-0.2.10.tgz"
            },
            "source-map": {
              "version": "0.5.6",
              "from": "https://registry.npmjs.org/source-map/-/source-map-0.5.6.tgz",
              "resolved": "https://registry.npmjs.org/source-map/-/source-map-0.5.6.tgz"
            },
            "uglify-to-browserify": {
              "version": "1.0.2",
              "from": "https://registry.npmjs.org/uglify-to-browserify/-/uglify-to-browserify-1.0.2.tgz",
              "resolved": "https://registry.npmjs.org/uglify-to-browserify/-/uglify-to-browserify-1.0.2.tgz"
            },
            "yargs": {
              "version": "3.10.0",
              "from": "https://registry.npmjs.org/yargs/-/yargs-3.10.0.tgz",
              "resolved": "https://registry.npmjs.org/yargs/-/yargs-3.10.0.tgz",
              "dependencies": {
                "camelcase": {
                  "version": "1.2.1",
                  "from": "https://registry.npmjs.org/camelcase/-/camelcase-1.2.1.tgz",
                  "resolved": "https://registry.npmjs.org/camelcase/-/camelcase-1.2.1.tgz"
                },
                "cliui": {
                  "version": "2.1.0",
                  "from": "https://registry.npmjs.org/cliui/-/cliui-2.1.0.tgz",
                  "resolved": "https://registry.npmjs.org/cliui/-/cliui-2.1.0.tgz",
                  "dependencies": {
                    "center-align": {
                      "version": "0.1.3",
                      "from": "https://registry.npmjs.org/center-align/-/center-align-0.1.3.tgz",
                      "resolved": "https://registry.npmjs.org/center-align/-/center-align-0.1.3.tgz",
                      "dependencies": {
                        "align-text": {
                          "version": "0.1.4",
                          "from": "https://registry.npmjs.org/align-text/-/align-text-0.1.4.tgz",
                          "resolved": "https://registry.npmjs.org/align-text/-/align-text-0.1.4.tgz",
                          "dependencies": {
                            "kind-of": {
                              "version": "3.1.0",
                              "from": "https://registry.npmjs.org/kind-of/-/kind-of-3.1.0.tgz",
                              "resolved": "https://registry.npmjs.org/kind-of/-/kind-of-3.1.0.tgz",
                              "dependencies": {
                                "is-buffer": {
                                  "version": "1.1.4",
                                  "from": "https://registry.npmjs.org/is-buffer/-/is-buffer-1.1.4.tgz",
                                  "resolved": "https://registry.npmjs.org/is-buffer/-/is-buffer-1.1.4.tgz"
                                }
                              }
                            },
                            "longest": {
                              "version": "1.0.1",
                              "from": "https://registry.npmjs.org/longest/-/longest-1.0.1.tgz",
                              "resolved": "https://registry.npmjs.org/longest/-/longest-1.0.1.tgz"
                            },
                            "repeat-string": {
                              "version": "1.6.1",
                              "from": "https://registry.npmjs.org/repeat-string/-/repeat-string-1.6.1.tgz",
                              "resolved": "https://registry.npmjs.org/repeat-string/-/repeat-string-1.6.1.tgz"
                            }
                          }
                        },
                        "lazy-cache": {
                          "version": "1.0.4",
                          "from": "https://registry.npmjs.org/lazy-cache/-/lazy-cache-1.0.4.tgz",
                          "resolved": "https://registry.npmjs.org/lazy-cache/-/lazy-cache-1.0.4.tgz"
                        }
                      }
                    },
                    "right-align": {
                      "version": "0.1.3",
                      "from": "https://registry.npmjs.org/right-align/-/right-align-0.1.3.tgz",
                      "resolved": "https://registry.npmjs.org/right-align/-/right-align-0.1.3.tgz",
                      "dependencies": {
                        "align-text": {
                          "version": "0.1.4",
                          "from": "https://registry.npmjs.org/align-text/-/align-text-0.1.4.tgz",
                          "resolved": "https://registry.npmjs.org/align-text/-/align-text-0.1.4.tgz",
                          "dependencies": {
                            "kind-of": {
                              "version": "3.1.0",
                              "from": "https://registry.npmjs.org/kind-of/-/kind-of-3.1.0.tgz",
                              "resolved": "https://registry.npmjs.org/kind-of/-/kind-of-3.1.0.tgz",
                              "dependencies": {
                                "is-buffer": {
                                  "version": "1.1.4",
                                  "from": "https://registry.npmjs.org/is-buffer/-/is-buffer-1.1.4.tgz",
                                  "resolved": "https://registry.npmjs.org/is-buffer/-/is-buffer-1.1.4.tgz"
                                }
                              }
                            },
                            "longest": {
                              "version": "1.0.1",
                              "from": "https://registry.npmjs.org/longest/-/longest-1.0.1.tgz",
                              "resolved": "https://registry.npmjs.org/longest/-/longest-1.0.1.tgz"
                            },
                            "repeat-string": {
                              "version": "1.6.1",
                              "from": "https://registry.npmjs.org/repeat-string/-/repeat-string-1.6.1.tgz",
                              "resolved": "https://registry.npmjs.org/repeat-string/-/repeat-string-1.6.1.tgz"
                            }
                          }
                        }
                      }
                    },
                    "wordwrap": {
                      "version": "0.0.2",
                      "from": "https://registry.npmjs.org/wordwrap/-/wordwrap-0.0.2.tgz",
                      "resolved": "https://registry.npmjs.org/wordwrap/-/wordwrap-0.0.2.tgz"
                    }
                  }
                },
                "decamelize": {
                  "version": "1.2.0",
                  "from": "https://registry.npmjs.org/decamelize/-/decamelize-1.2.0.tgz",
                  "resolved": "https://registry.npmjs.org/decamelize/-/decamelize-1.2.0.tgz"
                },
                "window-size": {
                  "version": "0.1.0",
                  "from": "https://registry.npmjs.org/window-size/-/window-size-0.1.0.tgz",
                  "resolved": "https://registry.npmjs.org/window-size/-/window-size-0.1.0.tgz"
                }
              }
            }
          }
        }
      }
    },
    "handlebars-wax": {
      "version": "4.0.4",
      "from": "https://registry.npmjs.org/handlebars-wax/-/handlebars-wax-4.0.4.tgz",
      "resolved": "https://registry.npmjs.org/handlebars-wax/-/handlebars-wax-4.0.4.tgz",
      "dependencies": {
        "object-assign": {
          "version": "4.1.1",
          "from": "https://registry.npmjs.org/object-assign/-/object-assign-4.1.1.tgz",
          "resolved": "https://registry.npmjs.org/object-assign/-/object-assign-4.1.1.tgz"
        },
        "require-glob": {
          "version": "3.2.0",
          "from": "https://registry.npmjs.org/require-glob/-/require-glob-3.2.0.tgz",
          "resolved": "https://registry.npmjs.org/require-glob/-/require-glob-3.2.0.tgz",
          "dependencies": {
            "glob-parent": {
              "version": "3.1.0",
              "from": "https://registry.npmjs.org/glob-parent/-/glob-parent-3.1.0.tgz",
              "resolved": "https://registry.npmjs.org/glob-parent/-/glob-parent-3.1.0.tgz",
              "dependencies": {
                "is-glob": {
                  "version": "3.1.0",
                  "from": "https://registry.npmjs.org/is-glob/-/is-glob-3.1.0.tgz",
                  "resolved": "https://registry.npmjs.org/is-glob/-/is-glob-3.1.0.tgz",
                  "dependencies": {
                    "is-extglob": {
                      "version": "2.1.1",
                      "from": "https://registry.npmjs.org/is-extglob/-/is-extglob-2.1.1.tgz",
                      "resolved": "https://registry.npmjs.org/is-extglob/-/is-extglob-2.1.1.tgz"
                    }
                  }
                },
                "path-dirname": {
                  "version": "1.0.2",
                  "from": "https://registry.npmjs.org/path-dirname/-/path-dirname-1.0.2.tgz",
                  "resolved": "https://registry.npmjs.org/path-dirname/-/path-dirname-1.0.2.tgz"
                }
              }
            },
            "globby": {
              "version": "6.1.0",
              "from": "https://registry.npmjs.org/globby/-/globby-6.1.0.tgz",
              "resolved": "https://registry.npmjs.org/globby/-/globby-6.1.0.tgz",
              "dependencies": {
                "array-union": {
                  "version": "1.0.2",
                  "from": "https://registry.npmjs.org/array-union/-/array-union-1.0.2.tgz",
                  "resolved": "https://registry.npmjs.org/array-union/-/array-union-1.0.2.tgz",
                  "dependencies": {
                    "array-uniq": {
                      "version": "1.0.3",
                      "from": "https://registry.npmjs.org/array-uniq/-/array-uniq-1.0.3.tgz",
                      "resolved": "https://registry.npmjs.org/array-uniq/-/array-uniq-1.0.3.tgz"
                    }
                  }
                },
                "glob": {
                  "version": "7.1.1",
                  "from": "https://registry.npmjs.org/glob/-/glob-7.1.1.tgz",
                  "resolved": "https://registry.npmjs.org/glob/-/glob-7.1.1.tgz",
                  "dependencies": {
                    "fs.realpath": {
                      "version": "1.0.0",
                      "from": "https://registry.npmjs.org/fs.realpath/-/fs.realpath-1.0.0.tgz",
                      "resolved": "https://registry.npmjs.org/fs.realpath/-/fs.realpath-1.0.0.tgz"
                    },
                    "inflight": {
                      "version": "1.0.6",
                      "from": "https://registry.npmjs.org/inflight/-/inflight-1.0.6.tgz",
                      "resolved": "https://registry.npmjs.org/inflight/-/inflight-1.0.6.tgz",
                      "dependencies": {
                        "wrappy": {
                          "version": "1.0.2",
                          "from": "https://registry.npmjs.org/wrappy/-/wrappy-1.0.2.tgz",
                          "resolved": "https://registry.npmjs.org/wrappy/-/wrappy-1.0.2.tgz"
                        }
                      }
                    },
                    "inherits": {
                      "version": "2.0.3",
                      "from": "https://registry.npmjs.org/inherits/-/inherits-2.0.3.tgz",
                      "resolved": "https://registry.npmjs.org/inherits/-/inherits-2.0.3.tgz"
                    },
                    "minimatch": {
                      "version": "3.0.3",
                      "from": "https://registry.npmjs.org/minimatch/-/minimatch-3.0.3.tgz",
                      "resolved": "https://registry.npmjs.org/minimatch/-/minimatch-3.0.3.tgz",
                      "dependencies": {
                        "brace-expansion": {
                          "version": "1.1.6",
                          "from": "https://registry.npmjs.org/brace-expansion/-/brace-expansion-1.1.6.tgz",
                          "resolved": "https://registry.npmjs.org/brace-expansion/-/brace-expansion-1.1.6.tgz",
                          "dependencies": {
                            "balanced-match": {
                              "version": "0.4.2",
                              "from": "https://registry.npmjs.org/balanced-match/-/balanced-match-0.4.2.tgz",
                              "resolved": "https://registry.npmjs.org/balanced-match/-/balanced-match-0.4.2.tgz"
                            },
                            "concat-map": {
                              "version": "0.0.1",
                              "from": "https://registry.npmjs.org/concat-map/-/concat-map-0.0.1.tgz",
                              "resolved": "https://registry.npmjs.org/concat-map/-/concat-map-0.0.1.tgz"
                            }
                          }
                        }
                      }
                    },
                    "once": {
                      "version": "1.4.0",
                      "from": "https://registry.npmjs.org/once/-/once-1.4.0.tgz",
                      "resolved": "https://registry.npmjs.org/once/-/once-1.4.0.tgz",
                      "dependencies": {
                        "wrappy": {
                          "version": "1.0.2",
                          "from": "https://registry.npmjs.org/wrappy/-/wrappy-1.0.2.tgz",
                          "resolved": "https://registry.npmjs.org/wrappy/-/wrappy-1.0.2.tgz"
                        }
                      }
                    },
                    "path-is-absolute": {
                      "version": "1.0.1",
                      "from": "https://registry.npmjs.org/path-is-absolute/-/path-is-absolute-1.0.1.tgz",
                      "resolved": "https://registry.npmjs.org/path-is-absolute/-/path-is-absolute-1.0.1.tgz"
                    }
                  }
                },
                "pify": {
                  "version": "2.3.0",
                  "from": "https://registry.npmjs.org/pify/-/pify-2.3.0.tgz",
                  "resolved": "https://registry.npmjs.org/pify/-/pify-2.3.0.tgz"
                },
                "pinkie-promise": {
                  "version": "2.0.1",
                  "from": "https://registry.npmjs.org/pinkie-promise/-/pinkie-promise-2.0.1.tgz",
                  "resolved": "https://registry.npmjs.org/pinkie-promise/-/pinkie-promise-2.0.1.tgz",
                  "dependencies": {
                    "pinkie": {
                      "version": "2.0.4",
                      "from": "https://registry.npmjs.org/pinkie/-/pinkie-2.0.4.tgz",
                      "resolved": "https://registry.npmjs.org/pinkie/-/pinkie-2.0.4.tgz"
                    }
                  }
                }
              }
            },
            "parent-module": {
              "version": "0.1.0",
              "from": "https://registry.npmjs.org/parent-module/-/parent-module-0.1.0.tgz",
              "resolved": "https://registry.npmjs.org/parent-module/-/parent-module-0.1.0.tgz",
              "dependencies": {
                "callsites": {
                  "version": "1.0.1",
                  "from": "https://registry.npmjs.org/callsites/-/callsites-1.0.1.tgz",
                  "resolved": "https://registry.npmjs.org/callsites/-/callsites-1.0.1.tgz"
                }
              }
            }
          }
        }
      }
    },
    "jshint": {
      "version": "2.9.4",
      "from": "https://registry.npmjs.org/jshint/-/jshint-2.9.4.tgz",
      "resolved": "https://registry.npmjs.org/jshint/-/jshint-2.9.4.tgz",
      "dependencies": {
        "cli": {
          "version": "1.0.1",
          "from": "https://registry.npmjs.org/cli/-/cli-1.0.1.tgz",
          "resolved": "https://registry.npmjs.org/cli/-/cli-1.0.1.tgz",
          "dependencies": {
            "glob": {
              "version": "7.1.1",
              "from": "https://registry.npmjs.org/glob/-/glob-7.1.1.tgz",
              "resolved": "https://registry.npmjs.org/glob/-/glob-7.1.1.tgz",
              "dependencies": {
                "fs.realpath": {
                  "version": "1.0.0",
                  "from": "https://registry.npmjs.org/fs.realpath/-/fs.realpath-1.0.0.tgz",
                  "resolved": "https://registry.npmjs.org/fs.realpath/-/fs.realpath-1.0.0.tgz"
                },
                "inflight": {
                  "version": "1.0.6",
                  "from": "https://registry.npmjs.org/inflight/-/inflight-1.0.6.tgz",
                  "resolved": "https://registry.npmjs.org/inflight/-/inflight-1.0.6.tgz",
                  "dependencies": {
                    "wrappy": {
                      "version": "1.0.2",
                      "from": "https://registry.npmjs.org/wrappy/-/wrappy-1.0.2.tgz",
                      "resolved": "https://registry.npmjs.org/wrappy/-/wrappy-1.0.2.tgz"
                    }
                  }
                },
                "inherits": {
                  "version": "2.0.3",
                  "from": "https://registry.npmjs.org/inherits/-/inherits-2.0.3.tgz",
                  "resolved": "https://registry.npmjs.org/inherits/-/inherits-2.0.3.tgz"
                },
                "once": {
                  "version": "1.4.0",
                  "from": "https://registry.npmjs.org/once/-/once-1.4.0.tgz",
                  "resolved": "https://registry.npmjs.org/once/-/once-1.4.0.tgz",
                  "dependencies": {
                    "wrappy": {
                      "version": "1.0.2",
                      "from": "https://registry.npmjs.org/wrappy/-/wrappy-1.0.2.tgz",
                      "resolved": "https://registry.npmjs.org/wrappy/-/wrappy-1.0.2.tgz"
                    }
                  }
                },
                "path-is-absolute": {
                  "version": "1.0.1",
                  "from": "https://registry.npmjs.org/path-is-absolute/-/path-is-absolute-1.0.1.tgz",
                  "resolved": "https://registry.npmjs.org/path-is-absolute/-/path-is-absolute-1.0.1.tgz"
                }
              }
            }
          }
        },
        "console-browserify": {
          "version": "1.1.0",
          "from": "https://registry.npmjs.org/console-browserify/-/console-browserify-1.1.0.tgz",
          "resolved": "https://registry.npmjs.org/console-browserify/-/console-browserify-1.1.0.tgz",
          "dependencies": {
            "date-now": {
              "version": "0.1.4",
              "from": "https://registry.npmjs.org/date-now/-/date-now-0.1.4.tgz",
              "resolved": "https://registry.npmjs.org/date-now/-/date-now-0.1.4.tgz"
            }
          }
        },
        "exit": {
          "version": "0.1.2",
          "from": "https://registry.npmjs.org/exit/-/exit-0.1.2.tgz",
          "resolved": "https://registry.npmjs.org/exit/-/exit-0.1.2.tgz"
        },
        "htmlparser2": {
          "version": "3.8.3",
          "from": "https://registry.npmjs.org/htmlparser2/-/htmlparser2-3.8.3.tgz",
          "resolved": "https://registry.npmjs.org/htmlparser2/-/htmlparser2-3.8.3.tgz",
          "dependencies": {
            "domhandler": {
              "version": "2.3.0",
              "from": "https://registry.npmjs.org/domhandler/-/domhandler-2.3.0.tgz",
              "resolved": "https://registry.npmjs.org/domhandler/-/domhandler-2.3.0.tgz"
            },
            "domutils": {
              "version": "1.5.1",
              "from": "https://registry.npmjs.org/domutils/-/domutils-1.5.1.tgz",
              "resolved": "https://registry.npmjs.org/domutils/-/domutils-1.5.1.tgz",
              "dependencies": {
                "dom-serializer": {
                  "version": "0.1.0",
                  "from": "https://registry.npmjs.org/dom-serializer/-/dom-serializer-0.1.0.tgz",
                  "resolved": "https://registry.npmjs.org/dom-serializer/-/dom-serializer-0.1.0.tgz",
                  "dependencies": {
                    "domelementtype": {
                      "version": "1.1.3",
                      "from": "https://registry.npmjs.org/domelementtype/-/domelementtype-1.1.3.tgz",
                      "resolved": "https://registry.npmjs.org/domelementtype/-/domelementtype-1.1.3.tgz"
                    },
                    "entities": {
                      "version": "1.1.1",
                      "from": "https://registry.npmjs.org/entities/-/entities-1.1.1.tgz",
                      "resolved": "https://registry.npmjs.org/entities/-/entities-1.1.1.tgz"
                    }
                  }
                }
              }
            },
            "domelementtype": {
              "version": "1.3.0",
              "from": "https://registry.npmjs.org/domelementtype/-/domelementtype-1.3.0.tgz",
              "resolved": "https://registry.npmjs.org/domelementtype/-/domelementtype-1.3.0.tgz"
            },
            "readable-stream": {
              "version": "1.1.14",
              "from": "https://registry.npmjs.org/readable-stream/-/readable-stream-1.1.14.tgz",
              "resolved": "https://registry.npmjs.org/readable-stream/-/readable-stream-1.1.14.tgz",
              "dependencies": {
                "core-util-is": {
                  "version": "1.0.2",
                  "from": "https://registry.npmjs.org/core-util-is/-/core-util-is-1.0.2.tgz",
                  "resolved": "https://registry.npmjs.org/core-util-is/-/core-util-is-1.0.2.tgz"
                },
                "isarray": {
                  "version": "0.0.1",
                  "from": "https://registry.npmjs.org/isarray/-/isarray-0.0.1.tgz",
                  "resolved": "https://registry.npmjs.org/isarray/-/isarray-0.0.1.tgz"
                },
                "string_decoder": {
                  "version": "0.10.31",
                  "from": "https://registry.npmjs.org/string_decoder/-/string_decoder-0.10.31.tgz",
                  "resolved": "https://registry.npmjs.org/string_decoder/-/string_decoder-0.10.31.tgz"
                },
                "inherits": {
                  "version": "2.0.3",
                  "from": "https://registry.npmjs.org/inherits/-/inherits-2.0.3.tgz",
                  "resolved": "https://registry.npmjs.org/inherits/-/inherits-2.0.3.tgz"
                }
              }
            },
            "entities": {
              "version": "1.0.0",
              "from": "https://registry.npmjs.org/entities/-/entities-1.0.0.tgz",
              "resolved": "https://registry.npmjs.org/entities/-/entities-1.0.0.tgz"
            }
          }
        },
        "minimatch": {
          "version": "3.0.3",
          "from": "https://registry.npmjs.org/minimatch/-/minimatch-3.0.3.tgz",
          "resolved": "https://registry.npmjs.org/minimatch/-/minimatch-3.0.3.tgz",
          "dependencies": {
            "brace-expansion": {
              "version": "1.1.6",
              "from": "https://registry.npmjs.org/brace-expansion/-/brace-expansion-1.1.6.tgz",
              "resolved": "https://registry.npmjs.org/brace-expansion/-/brace-expansion-1.1.6.tgz",
              "dependencies": {
                "balanced-match": {
                  "version": "0.4.2",
                  "from": "https://registry.npmjs.org/balanced-match/-/balanced-match-0.4.2.tgz",
                  "resolved": "https://registry.npmjs.org/balanced-match/-/balanced-match-0.4.2.tgz"
                },
                "concat-map": {
                  "version": "0.0.1",
                  "from": "https://registry.npmjs.org/concat-map/-/concat-map-0.0.1.tgz",
                  "resolved": "https://registry.npmjs.org/concat-map/-/concat-map-0.0.1.tgz"
                }
              }
            }
          }
        },
        "shelljs": {
          "version": "0.3.0",
          "from": "https://registry.npmjs.org/shelljs/-/shelljs-0.3.0.tgz",
          "resolved": "https://registry.npmjs.org/shelljs/-/shelljs-0.3.0.tgz"
        },
        "strip-json-comments": {
          "version": "1.0.4",
          "from": "https://registry.npmjs.org/strip-json-comments/-/strip-json-comments-1.0.4.tgz",
          "resolved": "https://registry.npmjs.org/strip-json-comments/-/strip-json-comments-1.0.4.tgz"
        },
        "lodash": {
          "version": "3.7.0",
          "from": "https://registry.npmjs.org/lodash/-/lodash-3.7.0.tgz",
          "resolved": "https://registry.npmjs.org/lodash/-/lodash-3.7.0.tgz"
        }
      }
    },
    "moment": {
      "version": "2.17.1",
      "from": "https://registry.npmjs.org/moment/-/moment-2.17.1.tgz",
      "resolved": "https://registry.npmjs.org/moment/-/moment-2.17.1.tgz"
    },
    "swag": {
      "version": "0.7.0",
      "from": "https://registry.npmjs.org/swag/-/swag-0.7.0.tgz",
      "resolved": "https://registry.npmjs.org/swag/-/swag-0.7.0.tgz",
      "dependencies": {
        "handlebars": {
          "version": "1.3.0",
          "from": "https://registry.npmjs.org/handlebars/-/handlebars-1.3.0.tgz",
          "resolved": "https://registry.npmjs.org/handlebars/-/handlebars-1.3.0.tgz",
          "dependencies": {
            "optimist": {
              "version": "0.3.7",
              "from": "https://registry.npmjs.org/optimist/-/optimist-0.3.7.tgz",
              "resolved": "https://registry.npmjs.org/optimist/-/optimist-0.3.7.tgz",
              "dependencies": {
                "wordwrap": {
                  "version": "0.0.3",
                  "from": "https://registry.npmjs.org/wordwrap/-/wordwrap-0.0.3.tgz",
                  "resolved": "https://registry.npmjs.org/wordwrap/-/wordwrap-0.0.3.tgz"
                }
              }
            },
            "uglify-js": {
              "version": "2.3.6",
              "from": "https://registry.npmjs.org/uglify-js/-/uglify-js-2.3.6.tgz",
              "resolved": "https://registry.npmjs.org/uglify-js/-/uglify-js-2.3.6.tgz",
              "dependencies": {
                "async": {
                  "version": "0.2.10",
                  "from": "https://registry.npmjs.org/async/-/async-0.2.10.tgz",
                  "resolved": "https://registry.npmjs.org/async/-/async-0.2.10.tgz"
                },
                "source-map": {
                  "version": "0.1.43",
                  "from": "https://registry.npmjs.org/source-map/-/source-map-0.1.43.tgz",
                  "resolved": "https://registry.npmjs.org/source-map/-/source-map-0.1.43.tgz",
                  "dependencies": {
                    "amdefine": {
                      "version": "1.0.1",
                      "from": "https://registry.npmjs.org/amdefine/-/amdefine-1.0.1.tgz",
                      "resolved": "https://registry.npmjs.org/amdefine/-/amdefine-1.0.1.tgz"
                    }
                  }
                }
              }
            }
          }
        }
      }
    }
  }
}
